// !$*UTF8*$!
{
	archiveVersion = 1;
	classes = {
	};
	objectVersion = 46;
	objects = {

/* Begin PBXBuildFile section */
		9B0C5D521EED0F68009CC963 /* KCPassportNavigationController.m in Sources */ = {isa = PBXBuildFile; fileRef = 9B0C5D511EED0F68009CC963 /* KCPassportNavigationController.m */; };
		9B0C5D551EED0F7E009CC963 /* KCLoginViewController.m in Sources */ = {isa = PBXBuildFile; fileRef = 9B0C5D541EED0F7E009CC963 /* KCLoginViewController.m */; };
		9B0C5D581EED0F8F009CC963 /* KCRegisterViewController.m in Sources */ = {isa = PBXBuildFile; fileRef = 9B0C5D571EED0F8F009CC963 /* KCRegisterViewController.m */; };
		9B0C5D5E1EEE47C4009CC963 /* KCNetworkStatus.m in Sources */ = {isa = PBXBuildFile; fileRef = 9B0C5D5D1EEE47C4009CC963 /* KCNetworkStatus.m */; };
		9B0C5D621EEE4AA2009CC963 /* KCHttpsClient.m in Sources */ = {isa = PBXBuildFile; fileRef = 9B0C5D611EEE4AA2009CC963 /* KCHttpsClient.m */; };
		9BD985E71EEC3ED200E4B7E5 /* main.m in Sources */ = {isa = PBXBuildFile; fileRef = 9BD985E61EEC3ED200E4B7E5 /* main.m */; };
		9BD985EA1EEC3ED200E4B7E5 /* AppDelegate.m in Sources */ = {isa = PBXBuildFile; fileRef = 9BD985E91EEC3ED200E4B7E5 /* AppDelegate.m */; };
		9BD985F21EEC3ED300E4B7E5 /* Assets.xcassets in Resources */ = {isa = PBXBuildFile; fileRef = 9BD985F11EEC3ED300E4B7E5 /* Assets.xcassets */; };
		9BD986001EEC3ED300E4B7E5 /* kcalclubTests.m in Sources */ = {isa = PBXBuildFile; fileRef = 9BD985FF1EEC3ED300E4B7E5 /* kcalclubTests.m */; };
		9BD9860B1EEC3ED300E4B7E5 /* kcalclubUITests.m in Sources */ = {isa = PBXBuildFile; fileRef = 9BD9860A1EEC3ED300E4B7E5 /* kcalclubUITests.m */; };
		9BD986251EEC4AFA00E4B7E5 /* KCCoverTabBarController.m in Sources */ = {isa = PBXBuildFile; fileRef = 9BD986241EEC4AFA00E4B7E5 /* KCCoverTabBarController.m */; };
		9BD986291EEC4B4800E4B7E5 /* KCMainNavigationController.m in Sources */ = {isa = PBXBuildFile; fileRef = 9BD986281EEC4B4800E4B7E5 /* KCMainNavigationController.m */; };
		9BD9862C1EEC4EAD00E4B7E5 /* KCFirstViewController.m in Sources */ = {isa = PBXBuildFile; fileRef = 9BD9862B1EEC4EAD00E4B7E5 /* KCFirstViewController.m */; };
		9BD9862F1EEC4EB800E4B7E5 /* KCFourthViewController.m in Sources */ = {isa = PBXBuildFile; fileRef = 9BD9862E1EEC4EB800E4B7E5 /* KCFourthViewController.m */; };
		9BD986321EEC4ED000E4B7E5 /* KCSecondViewController.m in Sources */ = {isa = PBXBuildFile; fileRef = 9BD986311EEC4ED000E4B7E5 /* KCSecondViewController.m */; };
		9BD986351EEC4EDA00E4B7E5 /* KCThirdViewController.m in Sources */ = {isa = PBXBuildFile; fileRef = 9BD986341EEC4EDA00E4B7E5 /* KCThirdViewController.m */; };
		9BD986391EEC56E500E4B7E5 /* KCCoverNavigationController.m in Sources */ = {isa = PBXBuildFile; fileRef = 9BD986381EEC56E500E4B7E5 /* KCCoverNavigationController.m */; };
		9BD9863E1EEC5B7100E4B7E5 /* KCUser.m in Sources */ = {isa = PBXBuildFile; fileRef = 9BD9863D1EEC5B7100E4B7E5 /* KCUser.m */; };
		FCAAA3704191688549A3A1F7 /* libPods-kcalclub.a in Frameworks */ = {isa = PBXBuildFile; fileRef = EB08117715AABD5FC7D454C3 /* libPods-kcalclub.a */; };
/* End PBXBuildFile section */

/* Begin PBXContainerItemProxy section */
		9BD985FC1EEC3ED300E4B7E5 /* PBXContainerItemProxy */ = {
			isa = PBXContainerItemProxy;
			containerPortal = 9BD985DA1EEC3ED200E4B7E5 /* Project object */;
			proxyType = 1;
			remoteGlobalIDString = 9BD985E11EEC3ED200E4B7E5;
			remoteInfo = kcalclub;
		};
		9BD986071EEC3ED300E4B7E5 /* PBXContainerItemProxy */ = {
			isa = PBXContainerItemProxy;
			containerPortal = 9BD985DA1EEC3ED200E4B7E5 /* Project object */;
			proxyType = 1;
			remoteGlobalIDString = 9BD985E11EEC3ED200E4B7E5;
			remoteInfo = kcalclub;
		};
/* End PBXContainerItemProxy section */

/* Begin PBXFileReference section */
		0E5271F982E043C01A3C45A1 /* Pods-kcalclub.release.xcconfig */ = {isa = PBXFileReference; includeInIndex = 1; lastKnownFileType = text.xcconfig; name = "Pods-kcalclub.release.xcconfig"; path = "Pods/Target Support Files/Pods-kcalclub/Pods-kcalclub.release.xcconfig"; sourceTree = "<group>"; };
		9B0C5D501EED0F68009CC963 /* KCPassportNavigationController.h */ = {isa = PBXFileReference; fileEncoding = 4; lastKnownFileType = sourcecode.c.h; path = KCPassportNavigationController.h; sourceTree = "<group>"; };
		9B0C5D511EED0F68009CC963 /* KCPassportNavigationController.m */ = {isa = PBXFileReference; fileEncoding = 4; lastKnownFileType = sourcecode.c.objc; path = KCPassportNavigationController.m; sourceTree = "<group>"; };
		9B0C5D531EED0F7E009CC963 /* KCLoginViewController.h */ = {isa = PBXFileReference; fileEncoding = 4; lastKnownFileType = sourcecode.c.h; path = KCLoginViewController.h; sourceTree = "<group>"; };
		9B0C5D541EED0F7E009CC963 /* KCLoginViewController.m */ = {isa = PBXFileReference; fileEncoding = 4; lastKnownFileType = sourcecode.c.objc; path = KCLoginViewController.m; sourceTree = "<group>"; };
		9B0C5D561EED0F8F009CC963 /* KCRegisterViewController.h */ = {isa = PBXFileReference; fileEncoding = 4; lastKnownFileType = sourcecode.c.h; path = KCRegisterViewController.h; sourceTree = "<group>"; };
		9B0C5D571EED0F8F009CC963 /* KCRegisterViewController.m */ = {isa = PBXFileReference; fileEncoding = 4; lastKnownFileType = sourcecode.c.objc; path = KCRegisterViewController.m; sourceTree = "<group>"; };
		9B0C5D5C1EEE47C4009CC963 /* KCNetworkStatus.h */ = {isa = PBXFileReference; fileEncoding = 4; lastKnownFileType = sourcecode.c.h; path = KCNetworkStatus.h; sourceTree = "<group>"; };
		9B0C5D5D1EEE47C4009CC963 /* KCNetworkStatus.m */ = {isa = PBXFileReference; fileEncoding = 4; lastKnownFileType = sourcecode.c.objc; path = KCNetworkStatus.m; sourceTree = "<group>"; };
		9B0C5D601EEE4AA2009CC963 /* KCHttpsClient.h */ = {isa = PBXFileReference; fileEncoding = 4; lastKnownFileType = sourcecode.c.h; path = KCHttpsClient.h; sourceTree = "<group>"; };
		9B0C5D611EEE4AA2009CC963 /* KCHttpsClient.m */ = {isa = PBXFileReference; fileEncoding = 4; lastKnownFileType = sourcecode.c.objc; path = KCHttpsClient.m; sourceTree = "<group>"; };
		9BD985E21EEC3ED200E4B7E5 /* kcalclub.app */ = {isa = PBXFileReference; explicitFileType = wrapper.application; includeInIndex = 0; path = kcalclub.app; sourceTree = BUILT_PRODUCTS_DIR; };
		9BD985E61EEC3ED200E4B7E5 /* main.m */ = {isa = PBXFileReference; lastKnownFileType = sourcecode.c.objc; path = main.m; sourceTree = "<group>"; };
		9BD985E81EEC3ED200E4B7E5 /* AppDelegate.h */ = {isa = PBXFileReference; lastKnownFileType = sourcecode.c.h; path = AppDelegate.h; sourceTree = "<group>"; };
		9BD985E91EEC3ED200E4B7E5 /* AppDelegate.m */ = {isa = PBXFileReference; lastKnownFileType = sourcecode.c.objc; path = AppDelegate.m; sourceTree = "<group>"; };
		9BD985F11EEC3ED300E4B7E5 /* Assets.xcassets */ = {isa = PBXFileReference; lastKnownFileType = folder.assetcatalog; path = Assets.xcassets; sourceTree = "<group>"; };
		9BD985F61EEC3ED300E4B7E5 /* Info.plist */ = {isa = PBXFileReference; lastKnownFileType = text.plist.xml; path = Info.plist; sourceTree = "<group>"; };
		9BD985FB1EEC3ED300E4B7E5 /* kcalclubTests.xctest */ = {isa = PBXFileReference; explicitFileType = wrapper.cfbundle; includeInIndex = 0; path = kcalclubTests.xctest; sourceTree = BUILT_PRODUCTS_DIR; };
		9BD985FF1EEC3ED300E4B7E5 /* kcalclubTests.m */ = {isa = PBXFileReference; lastKnownFileType = sourcecode.c.objc; path = kcalclubTests.m; sourceTree = "<group>"; };
		9BD986011EEC3ED300E4B7E5 /* Info.plist */ = {isa = PBXFileReference; lastKnownFileType = text.plist.xml; path = Info.plist; sourceTree = "<group>"; };
		9BD986061EEC3ED300E4B7E5 /* kcalclubUITests.xctest */ = {isa = PBXFileReference; explicitFileType = wrapper.cfbundle; includeInIndex = 0; path = kcalclubUITests.xctest; sourceTree = BUILT_PRODUCTS_DIR; };
		9BD9860A1EEC3ED300E4B7E5 /* kcalclubUITests.m */ = {isa = PBXFileReference; lastKnownFileType = sourcecode.c.objc; path = kcalclubUITests.m; sourceTree = "<group>"; };
		9BD9860C1EEC3ED300E4B7E5 /* Info.plist */ = {isa = PBXFileReference; lastKnownFileType = text.plist.xml; path = Info.plist; sourceTree = "<group>"; };
		9BD986231EEC4AFA00E4B7E5 /* KCCoverTabBarController.h */ = {isa = PBXFileReference; fileEncoding = 4; lastKnownFileType = sourcecode.c.h; path = KCCoverTabBarController.h; sourceTree = "<group>"; };
		9BD986241EEC4AFA00E4B7E5 /* KCCoverTabBarController.m */ = {isa = PBXFileReference; fileEncoding = 4; lastKnownFileType = sourcecode.c.objc; path = KCCoverTabBarController.m; sourceTree = "<group>"; };
		9BD986271EEC4B4700E4B7E5 /* KCMainNavigationController.h */ = {isa = PBXFileReference; fileEncoding = 4; lastKnownFileType = sourcecode.c.h; path = KCMainNavigationController.h; sourceTree = "<group>"; };
		9BD986281EEC4B4800E4B7E5 /* KCMainNavigationController.m */ = {isa = PBXFileReference; fileEncoding = 4; lastKnownFileType = sourcecode.c.objc; path = KCMainNavigationController.m; sourceTree = "<group>"; };
		9BD9862A1EEC4EAD00E4B7E5 /* KCFirstViewController.h */ = {isa = PBXFileReference; fileEncoding = 4; lastKnownFileType = sourcecode.c.h; path = KCFirstViewController.h; sourceTree = "<group>"; };
		9BD9862B1EEC4EAD00E4B7E5 /* KCFirstViewController.m */ = {isa = PBXFileReference; fileEncoding = 4; lastKnownFileType = sourcecode.c.objc; path = KCFirstViewController.m; sourceTree = "<group>"; };
		9BD9862D1EEC4EB800E4B7E5 /* KCFourthViewController.h */ = {isa = PBXFileReference; fileEncoding = 4; lastKnownFileType = sourcecode.c.h; path = KCFourthViewController.h; sourceTree = "<group>"; };
		9BD9862E1EEC4EB800E4B7E5 /* KCFourthViewController.m */ = {isa = PBXFileReference; fileEncoding = 4; lastKnownFileType = sourcecode.c.objc; path = KCFourthViewController.m; sourceTree = "<group>"; };
		9BD986301EEC4ED000E4B7E5 /* KCSecondViewController.h */ = {isa = PBXFileReference; fileEncoding = 4; lastKnownFileType = sourcecode.c.h; path = KCSecondViewController.h; sourceTree = "<group>"; };
		9BD986311EEC4ED000E4B7E5 /* KCSecondViewController.m */ = {isa = PBXFileReference; fileEncoding = 4; lastKnownFileType = sourcecode.c.objc; path = KCSecondViewController.m; sourceTree = "<group>"; };
		9BD986331EEC4EDA00E4B7E5 /* KCThirdViewController.h */ = {isa = PBXFileReference; fileEncoding = 4; lastKnownFileType = sourcecode.c.h; path = KCThirdViewController.h; sourceTree = "<group>"; };
		9BD986341EEC4EDA00E4B7E5 /* KCThirdViewController.m */ = {isa = PBXFileReference; fileEncoding = 4; lastKnownFileType = sourcecode.c.objc; path = KCThirdViewController.m; sourceTree = "<group>"; };
		9BD986371EEC56E500E4B7E5 /* KCCoverNavigationController.h */ = {isa = PBXFileReference; fileEncoding = 4; lastKnownFileType = sourcecode.c.h; path = KCCoverNavigationController.h; sourceTree = "<group>"; };
		9BD986381EEC56E500E4B7E5 /* KCCoverNavigationController.m */ = {isa = PBXFileReference; fileEncoding = 4; lastKnownFileType = sourcecode.c.objc; path = KCCoverNavigationController.m; sourceTree = "<group>"; };
		9BD9863C1EEC5B7100E4B7E5 /* KCUser.h */ = {isa = PBXFileReference; fileEncoding = 4; lastKnownFileType = sourcecode.c.h; path = KCUser.h; sourceTree = "<group>"; };
		9BD9863D1EEC5B7100E4B7E5 /* KCUser.m */ = {isa = PBXFileReference; fileEncoding = 4; lastKnownFileType = sourcecode.c.objc; path = KCUser.m; sourceTree = "<group>"; };
		D6B041262D762DAE7DE139DB /* Pods-kcalclub.debug.xcconfig */ = {isa = PBXFileReference; includeInIndex = 1; lastKnownFileType = text.xcconfig; name = "Pods-kcalclub.debug.xcconfig"; path = "Pods/Target Support Files/Pods-kcalclub/Pods-kcalclub.debug.xcconfig"; sourceTree = "<group>"; };
		EB08117715AABD5FC7D454C3 /* libPods-kcalclub.a */ = {isa = PBXFileReference; explicitFileType = archive.ar; includeInIndex = 0; path = "libPods-kcalclub.a"; sourceTree = BUILT_PRODUCTS_DIR; };
/* End PBXFileReference section */

/* Begin PBXFrameworksBuildPhase section */
		9BD985DF1EEC3ED200E4B7E5 /* Frameworks */ = {
			isa = PBXFrameworksBuildPhase;
			buildActionMask = 2147483647;
			files = (
				FCAAA3704191688549A3A1F7 /* libPods-kcalclub.a in Frameworks */,
			);
			runOnlyForDeploymentPostprocessing = 0;
		};
		9BD985F81EEC3ED300E4B7E5 /* Frameworks */ = {
			isa = PBXFrameworksBuildPhase;
			buildActionMask = 2147483647;
			files = (
			);
			runOnlyForDeploymentPostprocessing = 0;
		};
		9BD986031EEC3ED300E4B7E5 /* Frameworks */ = {
			isa = PBXFrameworksBuildPhase;
			buildActionMask = 2147483647;
			files = (
			);
			runOnlyForDeploymentPostprocessing = 0;
		};
/* End PBXFrameworksBuildPhase section */

/* Begin PBXGroup section */
		0F99938DF602514F1B4281ED /* Pods */ = {
			isa = PBXGroup;
			children = (
				D6B041262D762DAE7DE139DB /* Pods-kcalclub.debug.xcconfig */,
				0E5271F982E043C01A3C45A1 /* Pods-kcalclub.release.xcconfig */,
			);
			name = Pods;
			sourceTree = "<group>";
		};
		9B0C5D4D1EED0F49009CC963 /* KCLoginViewController */ = {
			isa = PBXGroup;
			children = (
				9B0C5D531EED0F7E009CC963 /* KCLoginViewController.h */,
				9B0C5D541EED0F7E009CC963 /* KCLoginViewController.m */,
			);
			path = KCLoginViewController;
			sourceTree = "<group>";
		};
		9B0C5D4E1EED0F49009CC963 /* KCPassportNavigationController */ = {
			isa = PBXGroup;
			children = (
				9B0C5D501EED0F68009CC963 /* KCPassportNavigationController.h */,
				9B0C5D511EED0F68009CC963 /* KCPassportNavigationController.m */,
			);
			path = KCPassportNavigationController;
			sourceTree = "<group>";
		};
		9B0C5D4F1EED0F49009CC963 /* KCRegisterViewController */ = {
			isa = PBXGroup;
			children = (
				9B0C5D561EED0F8F009CC963 /* KCRegisterViewController.h */,
				9B0C5D571EED0F8F009CC963 /* KCRegisterViewController.m */,
			);
			path = KCRegisterViewController;
			sourceTree = "<group>";
		};
		9B0C5D5B1EEE4764009CC963 /* m_Network */ = {
			isa = PBXGroup;
			children = (
				9B0C5D5C1EEE47C4009CC963 /* KCNetworkStatus.h */,
				9B0C5D5D1EEE47C4009CC963 /* KCNetworkStatus.m */,
			);
			path = m_Network;
			sourceTree = "<group>";
		};
		9B0C5D5F1EEE4A86009CC963 /* m_HttpsClient */ = {
			isa = PBXGroup;
			children = (
				9B0C5D601EEE4AA2009CC963 /* KCHttpsClient.h */,
				9B0C5D611EEE4AA2009CC963 /* KCHttpsClient.m */,
			);
			path = m_HttpsClient;
			sourceTree = "<group>";
		};
		9BD985D91EEC3ED200E4B7E5 = {
			isa = PBXGroup;
			children = (
				9BD985E41EEC3ED200E4B7E5 /* kcalclub */,
				9BD985FE1EEC3ED300E4B7E5 /* kcalclubTests */,
				9BD986091EEC3ED300E4B7E5 /* kcalclubUITests */,
				9BD985E31EEC3ED200E4B7E5 /* Products */,
				0F99938DF602514F1B4281ED /* Pods */,
				DFB98544746116F674C9296C /* Frameworks */,
			);
			sourceTree = "<group>";
		};
		9BD985E31EEC3ED200E4B7E5 /* Products */ = {
			isa = PBXGroup;
			children = (
				9BD985E21EEC3ED200E4B7E5 /* kcalclub.app */,
				9BD985FB1EEC3ED300E4B7E5 /* kcalclubTests.xctest */,
				9BD986061EEC3ED300E4B7E5 /* kcalclubUITests.xctest */,
			);
			name = Products;
			sourceTree = "<group>";
		};
		9BD985E41EEC3ED200E4B7E5 /* kcalclub */ = {
			isa = PBXGroup;
			children = (
				9B0C5D5F1EEE4A86009CC963 /* m_HttpsClient */,
				9B0C5D5B1EEE4764009CC963 /* m_Network */,
				9BD9863A1EEC5B4900E4B7E5 /* m_Passport */,
				9BD986191EEC4A3900E4B7E5 /* m_Controllers */,
				9BD985E81EEC3ED200E4B7E5 /* AppDelegate.h */,
				9BD985E91EEC3ED200E4B7E5 /* AppDelegate.m */,
				9BD985F11EEC3ED300E4B7E5 /* Assets.xcassets */,
				9BD985F61EEC3ED300E4B7E5 /* Info.plist */,
				9BD985E51EEC3ED200E4B7E5 /* Supporting Files */,
			);
			path = kcalclub;
			sourceTree = "<group>";
		};
		9BD985E51EEC3ED200E4B7E5 /* Supporting Files */ = {
			isa = PBXGroup;
			children = (
				9BD985E61EEC3ED200E4B7E5 /* main.m */,
			);
			name = "Supporting Files";
			sourceTree = "<group>";
		};
		9BD985FE1EEC3ED300E4B7E5 /* kcalclubTests */ = {
			isa = PBXGroup;
			children = (
				9BD985FF1EEC3ED300E4B7E5 /* kcalclubTests.m */,
				9BD986011EEC3ED300E4B7E5 /* Info.plist */,
			);
			path = kcalclubTests;
			sourceTree = "<group>";
		};
		9BD986091EEC3ED300E4B7E5 /* kcalclubUITests */ = {
			isa = PBXGroup;
			children = (
				9BD9860A1EEC3ED300E4B7E5 /* kcalclubUITests.m */,
				9BD9860C1EEC3ED300E4B7E5 /* Info.plist */,
			);
			path = kcalclubUITests;
			sourceTree = "<group>";
		};
		9BD986191EEC4A3900E4B7E5 /* m_Controllers */ = {
			isa = PBXGroup;
			children = (
				9BD986261EEC4B3400E4B7E5 /* KCMainNavigationController */,
				9BD986361EEC56CC00E4B7E5 /* KCCoverNavigationController */,
				9BD986221EEC4AE500E4B7E5 /* KCCoverTabBarController */,
				9BD9861B1EEC4A3900E4B7E5 /* KCFirstViewController */,
				9BD9861C1EEC4A3900E4B7E5 /* KCFourthViewController */,
				9BD9861D1EEC4A3900E4B7E5 /* KCSecondViewController */,
				9BD9861E1EEC4A3900E4B7E5 /* KCThirdViewController */,
			);
			path = m_Controllers;
			sourceTree = "<group>";
		};
		9BD9861B1EEC4A3900E4B7E5 /* KCFirstViewController */ = {
			isa = PBXGroup;
			children = (
				9BD9862A1EEC4EAD00E4B7E5 /* KCFirstViewController.h */,
				9BD9862B1EEC4EAD00E4B7E5 /* KCFirstViewController.m */,
			);
			path = KCFirstViewController;
			sourceTree = "<group>";
		};
		9BD9861C1EEC4A3900E4B7E5 /* KCFourthViewController */ = {
			isa = PBXGroup;
			children = (
				9BD9862D1EEC4EB800E4B7E5 /* KCFourthViewController.h */,
				9BD9862E1EEC4EB800E4B7E5 /* KCFourthViewController.m */,
			);
			path = KCFourthViewController;
			sourceTree = "<group>";
		};
		9BD9861D1EEC4A3900E4B7E5 /* KCSecondViewController */ = {
			isa = PBXGroup;
			children = (
				9BD986301EEC4ED000E4B7E5 /* KCSecondViewController.h */,
				9BD986311EEC4ED000E4B7E5 /* KCSecondViewController.m */,
			);
			path = KCSecondViewController;
			sourceTree = "<group>";
		};
		9BD9861E1EEC4A3900E4B7E5 /* KCThirdViewController */ = {
			isa = PBXGroup;
			children = (
				9BD986331EEC4EDA00E4B7E5 /* KCThirdViewController.h */,
				9BD986341EEC4EDA00E4B7E5 /* KCThirdViewController.m */,
			);
			path = KCThirdViewController;
			sourceTree = "<group>";
		};
		9BD986221EEC4AE500E4B7E5 /* KCCoverTabBarController */ = {
			isa = PBXGroup;
			children = (
				9BD986231EEC4AFA00E4B7E5 /* KCCoverTabBarController.h */,
				9BD986241EEC4AFA00E4B7E5 /* KCCoverTabBarController.m */,
			);
			path = KCCoverTabBarController;
			sourceTree = "<group>";
		};
		9BD986261EEC4B3400E4B7E5 /* KCMainNavigationController */ = {
			isa = PBXGroup;
			children = (
				9BD986271EEC4B4700E4B7E5 /* KCMainNavigationController.h */,
				9BD986281EEC4B4800E4B7E5 /* KCMainNavigationController.m */,
			);
			path = KCMainNavigationController;
			sourceTree = "<group>";
		};
		9BD986361EEC56CC00E4B7E5 /* KCCoverNavigationController */ = {
			isa = PBXGroup;
			children = (
				9BD986371EEC56E500E4B7E5 /* KCCoverNavigationController.h */,
				9BD986381EEC56E500E4B7E5 /* KCCoverNavigationController.m */,
			);
			path = KCCoverNavigationController;
			sourceTree = "<group>";
		};
		9BD9863A1EEC5B4900E4B7E5 /* m_Passport */ = {
			isa = PBXGroup;
			children = (
				9B0C5D4E1EED0F49009CC963 /* KCPassportNavigationController */,
				9B0C5D4D1EED0F49009CC963 /* KCLoginViewController */,
				9B0C5D4F1EED0F49009CC963 /* KCRegisterViewController */,
				9BD9863B1EEC5B6700E4B7E5 /* KCUser */,
			);
			path = m_Passport;
			sourceTree = "<group>";
		};
		9BD9863B1EEC5B6700E4B7E5 /* KCUser */ = {
			isa = PBXGroup;
			children = (
				9BD9863C1EEC5B7100E4B7E5 /* KCUser.h */,
				9BD9863D1EEC5B7100E4B7E5 /* KCUser.m */,
			);
			path = KCUser;
			sourceTree = "<group>";
		};
		DFB98544746116F674C9296C /* Frameworks */ = {
			isa = PBXGroup;
			children = (
				EB08117715AABD5FC7D454C3 /* libPods-kcalclub.a */,
			);
			name = Frameworks;
			sourceTree = "<group>";
		};
/* End PBXGroup section */

/* Begin PBXNativeTarget section */
		9BD985E11EEC3ED200E4B7E5 /* kcalclub */ = {
			isa = PBXNativeTarget;
			buildConfigurationList = 9BD9860F1EEC3ED300E4B7E5 /* Build configuration list for PBXNativeTarget "kcalclub" */;
			buildPhases = (
				7EBDC2572DD2B1E08CA6B535 /* [CP] Check Pods Manifest.lock */,
				9BD985DE1EEC3ED200E4B7E5 /* Sources */,
				9BD985DF1EEC3ED200E4B7E5 /* Frameworks */,
				9BD985E01EEC3ED200E4B7E5 /* Resources */,
				B85408AC9831DD07B24933E3 /* [CP] Embed Pods Frameworks */,
				65373838EFE292B8A364BE1C /* [CP] Copy Pods Resources */,
			);
			buildRules = (
			);
			dependencies = (
			);
			name = kcalclub;
			productName = kcalclub;
			productReference = 9BD985E21EEC3ED200E4B7E5 /* kcalclub.app */;
			productType = "com.apple.product-type.application";
		};
		9BD985FA1EEC3ED300E4B7E5 /* kcalclubTests */ = {
			isa = PBXNativeTarget;
			buildConfigurationList = 9BD986121EEC3ED300E4B7E5 /* Build configuration list for PBXNativeTarget "kcalclubTests" */;
			buildPhases = (
				9BD985F71EEC3ED300E4B7E5 /* Sources */,
				9BD985F81EEC3ED300E4B7E5 /* Frameworks */,
				9BD985F91EEC3ED300E4B7E5 /* Resources */,
			);
			buildRules = (
			);
			dependencies = (
				9BD985FD1EEC3ED300E4B7E5 /* PBXTargetDependency */,
			);
			name = kcalclubTests;
			productName = kcalclubTests;
			productReference = 9BD985FB1EEC3ED300E4B7E5 /* kcalclubTests.xctest */;
			productType = "com.apple.product-type.bundle.unit-test";
		};
		9BD986051EEC3ED300E4B7E5 /* kcalclubUITests */ = {
			isa = PBXNativeTarget;
			buildConfigurationList = 9BD986151EEC3ED300E4B7E5 /* Build configuration list for PBXNativeTarget "kcalclubUITests" */;
			buildPhases = (
				9BD986021EEC3ED300E4B7E5 /* Sources */,
				9BD986031EEC3ED300E4B7E5 /* Frameworks */,
				9BD986041EEC3ED300E4B7E5 /* Resources */,
			);
			buildRules = (
			);
			dependencies = (
				9BD986081EEC3ED300E4B7E5 /* PBXTargetDependency */,
			);
			name = kcalclubUITests;
			productName = kcalclubUITests;
			productReference = 9BD986061EEC3ED300E4B7E5 /* kcalclubUITests.xctest */;
			productType = "com.apple.product-type.bundle.ui-testing";
		};
/* End PBXNativeTarget section */

/* Begin PBXProject section */
		9BD985DA1EEC3ED200E4B7E5 /* Project object */ = {
			isa = PBXProject;
			attributes = {
				LastUpgradeCheck = 0830;
				ORGANIZATIONNAME = WangLei;
				TargetAttributes = {
					9BD985E11EEC3ED200E4B7E5 = {
						CreatedOnToolsVersion = 8.3.3;
						DevelopmentTeam = W2WQR64XD6;
						ProvisioningStyle = Automatic;
					};
					9BD985FA1EEC3ED300E4B7E5 = {
						CreatedOnToolsVersion = 8.3.3;
						ProvisioningStyle = Automatic;
						TestTargetID = 9BD985E11EEC3ED200E4B7E5;
					};
					9BD986051EEC3ED300E4B7E5 = {
						CreatedOnToolsVersion = 8.3.3;
						ProvisioningStyle = Automatic;
						TestTargetID = 9BD985E11EEC3ED200E4B7E5;
					};
				};
			};
			buildConfigurationList = 9BD985DD1EEC3ED200E4B7E5 /* Build configuration list for PBXProject "kcalclub" */;
			compatibilityVersion = "Xcode 3.2";
			developmentRegion = English;
			hasScannedForEncodings = 0;
			knownRegions = (
				en,
				Base,
			);
			mainGroup = 9BD985D91EEC3ED200E4B7E5;
			productRefGroup = 9BD985E31EEC3ED200E4B7E5 /* Products */;
			projectDirPath = "";
			projectRoot = "";
			targets = (
				9BD985E11EEC3ED200E4B7E5 /* kcalclub */,
				9BD985FA1EEC3ED300E4B7E5 /* kcalclubTests */,
				9BD986051EEC3ED300E4B7E5 /* kcalclubUITests */,
			);
		};
/* End PBXProject section */

/* Begin PBXResourcesBuildPhase section */
		9BD985E01EEC3ED200E4B7E5 /* Resources */ = {
			isa = PBXResourcesBuildPhase;
			buildActionMask = 2147483647;
			files = (
				9BD985F21EEC3ED300E4B7E5 /* Assets.xcassets in Resources */,
			);
			runOnlyForDeploymentPostprocessing = 0;
		};
		9BD985F91EEC3ED300E4B7E5 /* Resources */ = {
			isa = PBXResourcesBuildPhase;
			buildActionMask = 2147483647;
			files = (
			);
			runOnlyForDeploymentPostprocessing = 0;
		};
		9BD986041EEC3ED300E4B7E5 /* Resources */ = {
			isa = PBXResourcesBuildPhase;
			buildActionMask = 2147483647;
			files = (
			);
			runOnlyForDeploymentPostprocessing = 0;
		};
/* End PBXResourcesBuildPhase section */

/* Begin PBXShellScriptBuildPhase section */
		65373838EFE292B8A364BE1C /* [CP] Copy Pods Resources */ = {
			isa = PBXShellScriptBuildPhase;
			buildActionMask = 2147483647;
			files = (
			);
			inputPaths = (
			);
			name = "[CP] Copy Pods Resources";
			outputPaths = (
			);
			runOnlyForDeploymentPostprocessing = 0;
			shellPath = /bin/sh;
			shellScript = "\"${SRCROOT}/Pods/Target Support Files/Pods-kcalclub/Pods-kcalclub-resources.sh\"\n";
			showEnvVarsInLog = 0;
		};
		7EBDC2572DD2B1E08CA6B535 /* [CP] Check Pods Manifest.lock */ = {
			isa = PBXShellScriptBuildPhase;
			buildActionMask = 2147483647;
			files = (
			);
			inputPaths = (
			);
			name = "[CP] Check Pods Manifest.lock";
			outputPaths = (
			);
			runOnlyForDeploymentPostprocessing = 0;
			shellPath = /bin/sh;
			shellScript = "diff \"${PODS_ROOT}/../Podfile.lock\" \"${PODS_ROOT}/Manifest.lock\" > /dev/null\nif [ $? != 0 ] ; then\n    # print error to STDERR\n    echo \"error: The sandbox is not in sync with the Podfile.lock. Run 'pod install' or update your CocoaPods installation.\" >&2\n    exit 1\nfi\n";
			showEnvVarsInLog = 0;
		};
		B85408AC9831DD07B24933E3 /* [CP] Embed Pods Frameworks */ = {
			isa = PBXShellScriptBuildPhase;
			buildActionMask = 2147483647;
			files = (
			);
			inputPaths = (
			);
			name = "[CP] Embed Pods Frameworks";
			outputPaths = (
			);
			runOnlyForDeploymentPostprocessing = 0;
			shellPath = /bin/sh;
			shellScript = "\"${SRCROOT}/Pods/Target Support Files/Pods-kcalclub/Pods-kcalclub-frameworks.sh\"\n";
			showEnvVarsInLog = 0;
		};
/* End PBXShellScriptBuildPhase section */

/* Begin PBXSourcesBuildPhase section */
		9BD985DE1EEC3ED200E4B7E5 /* Sources */ = {
			isa = PBXSourcesBuildPhase;
			buildActionMask = 2147483647;
			files = (
				9B0C5D551EED0F7E009CC963 /* KCLoginViewController.m in Sources */,
				9BD9862C1EEC4EAD00E4B7E5 /* KCFirstViewController.m in Sources */,
				9B0C5D5E1EEE47C4009CC963 /* KCNetworkStatus.m in Sources */,
				9BD986291EEC4B4800E4B7E5 /* KCMainNavigationController.m in Sources */,
				9B0C5D621EEE4AA2009CC963 /* KCHttpsClient.m in Sources */,
				9BD986351EEC4EDA00E4B7E5 /* KCThirdViewController.m in Sources */,
				9BD9862F1EEC4EB800E4B7E5 /* KCFourthViewController.m in Sources */,
				9BD9863E1EEC5B7100E4B7E5 /* KCUser.m in Sources */,
				9B0C5D581EED0F8F009CC963 /* KCRegisterViewController.m in Sources */,
				9BD986251EEC4AFA00E4B7E5 /* KCCoverTabBarController.m in Sources */,
				9BD985EA1EEC3ED200E4B7E5 /* AppDelegate.m in Sources */,
				9BD986321EEC4ED000E4B7E5 /* KCSecondViewController.m in Sources */,
				9BD985E71EEC3ED200E4B7E5 /* main.m in Sources */,
				9B0C5D521EED0F68009CC963 /* KCPassportNavigationController.m in Sources */,
				9BD986391EEC56E500E4B7E5 /* KCCoverNavigationController.m in Sources */,
			);
			runOnlyForDeploymentPostprocessing = 0;
		};
		9BD985F71EEC3ED300E4B7E5 /* Sources */ = {
			isa = PBXSourcesBuildPhase;
			buildActionMask = 2147483647;
			files = (
				9BD986001EEC3ED300E4B7E5 /* kcalclubTests.m in Sources */,
			);
			runOnlyForDeploymentPostprocessing = 0;
		};
		9BD986021EEC3ED300E4B7E5 /* Sources */ = {
			isa = PBXSourcesBuildPhase;
			buildActionMask = 2147483647;
			files = (
				9BD9860B1EEC3ED300E4B7E5 /* kcalclubUITests.m in Sources */,
			);
			runOnlyForDeploymentPostprocessing = 0;
		};
/* End PBXSourcesBuildPhase section */

/* Begin PBXTargetDependency section */
		9BD985FD1EEC3ED300E4B7E5 /* PBXTargetDependency */ = {
			isa = PBXTargetDependency;
			target = 9BD985E11EEC3ED200E4B7E5 /* kcalclub */;
			targetProxy = 9BD985FC1EEC3ED300E4B7E5 /* PBXContainerItemProxy */;
		};
		9BD986081EEC3ED300E4B7E5 /* PBXTargetDependency */ = {
			isa = PBXTargetDependency;
			target = 9BD985E11EEC3ED200E4B7E5 /* kcalclub */;
			targetProxy = 9BD986071EEC3ED300E4B7E5 /* PBXContainerItemProxy */;
		};
/* End PBXTargetDependency section */

/* Begin XCBuildConfiguration section */
		9BD9860D1EEC3ED300E4B7E5 /* Debug */ = {
			isa = XCBuildConfiguration;
			buildSettings = {
				ALWAYS_SEARCH_USER_PATHS = NO;
				CLANG_ANALYZER_NONNULL = YES;
				CLANG_ANALYZER_NUMBER_OBJECT_CONVERSION = YES_AGGRESSIVE;
				CLANG_CXX_LANGUAGE_STANDARD = "gnu++0x";
				CLANG_CXX_LIBRARY = "libc++";
				CLANG_ENABLE_MODULES = YES;
				CLANG_ENABLE_OBJC_ARC = YES;
				CLANG_WARN_BOOL_CONVERSION = YES;
				CLANG_WARN_CONSTANT_CONVERSION = YES;
				CLANG_WARN_DIRECT_OBJC_ISA_USAGE = YES_ERROR;
				CLANG_WARN_DOCUMENTATION_COMMENTS = YES;
				CLANG_WARN_EMPTY_BODY = YES;
				CLANG_WARN_ENUM_CONVERSION = YES;
				CLANG_WARN_INFINITE_RECURSION = YES;
				CLANG_WARN_INT_CONVERSION = YES;
				CLANG_WARN_OBJC_ROOT_CLASS = YES_ERROR;
				CLANG_WARN_SUSPICIOUS_MOVE = YES;
				CLANG_WARN_UNREACHABLE_CODE = YES;
				CLANG_WARN__DUPLICATE_METHOD_MATCH = YES;
				"CODE_SIGN_IDENTITY[sdk=iphoneos*]" = "iPhone Developer";
				COPY_PHASE_STRIP = NO;
				DEBUG_INFORMATION_FORMAT = dwarf;
				ENABLE_STRICT_OBJC_MSGSEND = YES;
				ENABLE_TESTABILITY = YES;
				GCC_C_LANGUAGE_STANDARD = gnu99;
				GCC_DYNAMIC_NO_PIC = NO;
				GCC_NO_COMMON_BLOCKS = YES;
				GCC_OPTIMIZATION_LEVEL = 0;
				GCC_PREPROCESSOR_DEFINITIONS = (
					"DEBUG=1",
					"$(inherited)",
				);
				GCC_WARN_64_TO_32_BIT_CONVERSION = YES;
				GCC_WARN_ABOUT_RETURN_TYPE = YES_ERROR;
				GCC_WARN_UNDECLARED_SELECTOR = YES;
				GCC_WARN_UNINITIALIZED_AUTOS = YES_AGGRESSIVE;
				GCC_WARN_UNUSED_FUNCTION = YES;
				GCC_WARN_UNUSED_VARIABLE = YES;
				IPHONEOS_DEPLOYMENT_TARGET = 10.3;
				MTL_ENABLE_DEBUG_INFO = YES;
				ONLY_ACTIVE_ARCH = YES;
				SDKROOT = iphoneos;
				TARGETED_DEVICE_FAMILY = "1,2";
			};
			name = Debug;
		};
		9BD9860E1EEC3ED300E4B7E5 /* Release */ = {
			isa = XCBuildConfiguration;
			buildSettings = {
				ALWAYS_SEARCH_USER_PATHS = NO;
				CLANG_ANALYZER_NONNULL = YES;
				CLANG_ANALYZER_NUMBER_OBJECT_CONVERSION = YES_AGGRESSIVE;
				CLANG_CXX_LANGUAGE_STANDARD = "gnu++0x";
				CLANG_CXX_LIBRARY = "libc++";
				CLANG_ENABLE_MODULES = YES;
				CLANG_ENABLE_OBJC_ARC = YES;
				CLANG_WARN_BOOL_CONVERSION = YES;
				CLANG_WARN_CONSTANT_CONVERSION = YES;
				CLANG_WARN_DIRECT_OBJC_ISA_USAGE = YES_ERROR;
				CLANG_WARN_DOCUMENTATION_COMMENTS = YES;
				CLANG_WARN_EMPTY_BODY = YES;
				CLANG_WARN_ENUM_CONVERSION = YES;
				CLANG_WARN_INFINITE_RECURSION = YES;
				CLANG_WARN_INT_CONVERSION = YES;
				CLANG_WARN_OBJC_ROOT_CLASS = YES_ERROR;
				CLANG_WARN_SUSPICIOUS_MOVE = YES;
				CLANG_WARN_UNREACHABLE_CODE = YES;
				CLANG_WARN__DUPLICATE_METHOD_MATCH = YES;
				"CODE_SIGN_IDENTITY[sdk=iphoneos*]" = "iPhone Developer";
				COPY_PHASE_STRIP = NO;
				DEBUG_INFORMATION_FORMAT = "dwarf-with-dsym";
				ENABLE_NS_ASSERTIONS = NO;
				ENABLE_STRICT_OBJC_MSGSEND = YES;
				GCC_C_LANGUAGE_STANDARD = gnu99;
				GCC_NO_COMMON_BLOCKS = YES;
				GCC_WARN_64_TO_32_BIT_CONVERSION = YES;
				GCC_WARN_ABOUT_RETURN_TYPE = YES_ERROR;
				GCC_WARN_UNDECLARED_SELECTOR = YES;
				GCC_WARN_UNINITIALIZED_AUTOS = YES_AGGRESSIVE;
				GCC_WARN_UNUSED_FUNCTION = YES;
				GCC_WARN_UNUSED_VARIABLE = YES;
				IPHONEOS_DEPLOYMENT_TARGET = 10.3;
				MTL_ENABLE_DEBUG_INFO = NO;
				SDKROOT = iphoneos;
				TARGETED_DEVICE_FAMILY = "1,2";
				VALIDATE_PRODUCT = YES;
			};
			name = Release;
		};
		9BD986101EEC3ED300E4B7E5 /* Debug */ = {
			isa = XCBuildConfiguration;
			baseConfigurationReference = D6B041262D762DAE7DE139DB /* Pods-kcalclub.debug.xcconfig */;
			buildSettings = {
				ASSETCATALOG_COMPILER_APPICON_NAME = AppIcon;
				DEVELOPMENT_TEAM = W2WQR64XD6;
				INFOPLIST_FILE = kcalclub/Info.plist;
				IPHONEOS_DEPLOYMENT_TARGET = 8.0;
				LD_RUNPATH_SEARCH_PATHS = "$(inherited) @executable_path/Frameworks";
				PRODUCT_BUNDLE_IDENTIFIER = com.kcalclub.kcalclub;
				PRODUCT_NAME = "$(TARGET_NAME)";
				TARGETED_DEVICE_FAMILY = 1;
			};
			name = Debug;
		};
		9BD986111EEC3ED300E4B7E5 /* Release */ = {
			isa = XCBuildConfiguration;
			baseConfigurationReference = 0E5271F982E043C01A3C45A1 /* Pods-kcalclub.release.xcconfig */;
			buildSettings = {
				ASSETCATALOG_COMPILER_APPICON_NAME = AppIcon;
				DEVELOPMENT_TEAM = W2WQR64XD6;
				INFOPLIST_FILE = kcalclub/Info.plist;
				IPHONEOS_DEPLOYMENT_TARGET = 8.0;
				LD_RUNPATH_SEARCH_PATHS = "$(inherited) @executable_path/Frameworks";
				PRODUCT_BUNDLE_IDENTIFIER = com.kcalclub.kcalclub;
				PRODUCT_NAME = "$(TARGET_NAME)";
				TARGETED_DEVICE_FAMILY = 1;
			};
			name = Release;
		};
		9BD986131EEC3ED300E4B7E5 /* Debug */ = {
			isa = XCBuildConfiguration;
			buildSettings = {
				BUNDLE_LOADER = "$(TEST_HOST)";
				INFOPLIST_FILE = kcalclubTests/Info.plist;
				LD_RUNPATH_SEARCH_PATHS = "$(inherited) @executable_path/Frameworks @loader_path/Frameworks";
				PRODUCT_BUNDLE_IDENTIFIER = com.kcalclub.kcalclubTests;
				PRODUCT_NAME = "$(TARGET_NAME)";
				TEST_HOST = "$(BUILT_PRODUCTS_DIR)/kcalclub.app/kcalclub";
			};
			name = Debug;
		};
		9BD986141EEC3ED300E4B7E5 /* Release */ = {
			isa = XCBuildConfiguration;
			buildSettings = {
				BUNDLE_LOADER = "$(TEST_HOST)";
				INFOPLIST_FILE = kcalclubTests/Info.plist;
				LD_RUNPATH_SEARCH_PATHS = "$(inherited) @executable_path/Frameworks @loader_path/Frameworks";
				PRODUCT_BUNDLE_IDENTIFIER = com.kcalclub.kcalclubTests;
				PRODUCT_NAME = "$(TARGET_NAME)";
				TEST_HOST = "$(BUILT_PRODUCTS_DIR)/kcalclub.app/kcalclub";
			};
			name = Release;
		};
		9BD986161EEC3ED300E4B7E5 /* Debug */ = {
			isa = XCBuildConfiguration;
			buildSettings = {
				INFOPLIST_FILE = kcalclubUITests/Info.plist;
				LD_RUNPATH_SEARCH_PATHS = "$(inherited) @executable_path/Frameworks @loader_path/Frameworks";
				PRODUCT_BUNDLE_IDENTIFIER = com.kcalclub.kcalclubUITests;
				PRODUCT_NAME = "$(TARGET_NAME)";
				TEST_TARGET_NAME = kcalclub;
			};
			name = Debug;
		};
		9BD986171EEC3ED300E4B7E5 /* Release */ = {
			isa = XCBuildConfiguration;
			buildSettings = {
				INFOPLIST_FILE = kcalclubUITests/Info.plist;
				LD_RUNPATH_SEARCH_PATHS = "$(inherited) @executable_path/Frameworks @loader_path/Frameworks";
				PRODUCT_BUNDLE_IDENTIFIER = com.kcalclub.kcalclubUITests;
				PRODUCT_NAME = "$(TARGET_NAME)";
				TEST_TARGET_NAME = kcalclub;
			};
			name = Release;
		};
/* End XCBuildConfiguration section */

/* Begin XCConfigurationList section */
		9BD985DD1EEC3ED200E4B7E5 /* Build configuration list for PBXProject "kcalclub" */ = {
			isa = XCConfigurationList;
			buildConfigurations = (
				9BD9860D1EEC3ED300E4B7E5 /* Debug */,
				9BD9860E1EEC3ED300E4B7E5 /* Release */,
			);
			defaultConfigurationIsVisible = 0;
			defaultConfigurationName = Release;
		};
		9BD9860F1EEC3ED300E4B7E5 /* Build configuration list for PBXNativeTarget "kcalclub" */ = {
			isa = XCConfigurationList;
			buildConfigurations = (
				9BD986101EEC3ED300E4B7E5 /* Debug */,
				9BD986111EEC3ED300E4B7E5 /* Release */,
			);
			defaultConfigurationIsVisible = 0;
			defaultConfigurationName = Release;
		};
		9BD986121EEC3ED300E4B7E5 /* Build configuration list for PBXNativeTarget "kcalclubTests" */ = {
			isa = XCConfigurationList;
			buildConfigurations = (
				9BD986131EEC3ED300E4B7E5 /* Debug */,
				9BD986141EEC3ED300E4B7E5 /* Release */,
			);
			defaultConfigurationIsVisible = 0;
			defaultConfigurationName = Release;
		};
		9BD986151EEC3ED300E4B7E5 /* Build configuration list for PBXNativeTarget "kcalclubUITests" */ = {
			isa = XCConfigurationList;
			buildConfigurations = (
				9BD986161EEC3ED300E4B7E5 /* Debug */,
				9BD986171EEC3ED300E4B7E5 /* Release */,
			);
			defaultConfigurationIsVisible = 0;
			defaultConfigurationName = Release;
		};
/* End XCConfigurationList section */
	};
	rootObject = 9BD985DA1EEC3ED200E4B7E5 /* Project object */;
}
